
Microsoft Visual Studio Solution File, Format Version 12.00
# Visual Studio 14
VisualStudioVersion = 14.0.25123.0
MinimumVisualStudioVersion = 10.0.40219.1
Project("{FAE04EC0-301F-11D3-BF4B-00C04F79EFBC}") = "Roblox Testing", "Roblox Testing\Roblox Testing.csproj", "{FEC4D676-3AD9-4DC3-8585-B4CC9AEED78F}"
EndProject
Project("{FAE04EC0-301F-11D3-BF4B-00C04F79EFBC}") = "RobloxCode", "RobloxCode\RobloxCode.csproj", "{59E7B048-7926-42A4-A233-73DD9A90B590}"
EndProject
Global
	GlobalSection(SolutionConfigurationPlatforms) = preSolution
		Debug|Any CPU = Debug|Any CPU
		Release|Any CPU = Release|Any CPU
	EndGlobalSection
	GlobalSection(ProjectConfigurationPlatforms) = postSolution
		{FEC4D676-3AD9-4DC3-8585-B4CC9AEED78F}.Debug|Any CPU.ActiveCfg = Debug|Any CPU
		{FEC4D676-3AD9-4DC3-8585-B4CC9AEED78F}.Debug|Any CPU.Build.0 = Debug|Any CPU
		{FEC4D676-3AD9-4DC3-8585-B4CC9AEED78F}.Release|Any CPU.ActiveCfg = Release|Any CPU
		{FEC4D676-3AD9-4DC3-8585-B4CC9AEED78F}.Release|Any CPU.Build.0 = Release|Any CPU
		{59E7B048-7926-42A4-A233-73DD9A90B590}.Debug|Any CPU.ActiveCfg = Debug|Any CPU
		{59E7B048-7926-42A4-A233-73DD9A90B590}.Debug|Any CPU.Build.0 = Debug|Any CPU
		{59E7B048-7926-42A4-A233-73DD9A90B590}.Release|Any CPU.ActiveCfg = Release|Any CPU
		{59E7B048-7926-42A4-A233-73DD9A90B590}.Release|Any CPU.Build.0 = Release|Any CPU
	EndGlobalSection
	GlobalSection(SolutionProperties) = preSolution
		HideSolutionNode = FALSE
	EndGlobalSection
EndGlobal
